
Microsoft Visual Studio Solution File, Format Version 12.00
# Visual Studio Version 16
VisualStudioVersion = 16.0.28803.202
MinimumVisualStudioVersion = 10.0.40219.1
Project("{FAE04EC0-301F-11D3-BF4B-00C04F79EFBC}") = "Exercise4", "Exercise4\Exercise4.csproj", "{4FC62714-2BC7-4B91-886F-64614CE50458}"
EndProject
Global
	GlobalSection(SolutionConfigurationPlatforms) = preSolution
		Debug|Any CPU = Debug|Any CPU
		Release|Any CPU = Release|Any CPU
	EndGlobalSection
	GlobalSection(ProjectConfigurationPlatforms) = postSolution
		{4FC62714-2BC7-4B91-886F-64614CE50458}.Debug|Any CPU.ActiveCfg = Debug|Any CPU
		{4FC62714-2BC7-4B91-886F-64614CE50458}.Debug|Any CPU.Build.0 = Debug|Any CPU
		{4FC62714-2BC7-4B91-886F-64614CE50458}.Release|Any CPU.ActiveCfg = Release|Any CPU
		{4FC62714-2BC7-4B91-886F-64614CE50458}.Release|Any CPU.Build.0 = Release|Any CPU
	EndGlobalSection
	GlobalSection(SolutionProperties) = preSolution
		HideSolutionNode = FALSE
	EndGlobalSection
	GlobalSection(ExtensibilityGlobals) = postSolution
		SolutionGuid = {463C9D3A-E3F7-4E0A-8E77-862FF5F01BF3}
	EndGlobalSection
EndGlobal
